
Microsoft Visual Studio Solution File, Format Version 12.00
# Visual Studio 15
VisualStudioVersion = 15.0.28010.0
MinimumVisualStudioVersion = 10.0.40219.1
Project("{FAE04EC0-301F-11D3-BF4B-00C04F79EFBC}") = "ScadaSimluator", "ScadaSimluator\ScadaSimluator.csproj", "{982F3FA0-D842-4733-ABF8-748616B69094}"
EndProject
Global
	GlobalSection(SolutionConfigurationPlatforms) = preSolution
		Debug|Any CPU = Debug|Any CPU
		Release|Any CPU = Release|Any CPU
	EndGlobalSection
	GlobalSection(ProjectConfigurationPlatforms) = postSolution
		{982F3FA0-D842-4733-ABF8-748616B69094}.Debug|Any CPU.ActiveCfg = Debug|Any CPU
		{982F3FA0-D842-4733-ABF8-748616B69094}.Debug|Any CPU.Build.0 = Debug|Any CPU
		{982F3FA0-D842-4733-ABF8-748616B69094}.Release|Any CPU.ActiveCfg = Release|Any CPU
		{982F3FA0-D842-4733-ABF8-748616B69094}.Release|Any CPU.Build.0 = Release|Any CPU
	EndGlobalSection
	GlobalSection(SolutionProperties) = preSolution
		HideSolutionNode = FALSE
	EndGlobalSection
	GlobalSection(ExtensibilityGlobals) = postSolution
		SolutionGuid = {D148D21C-F90F-47C6-9DF1-9B6ED75FAD27}
	EndGlobalSection
EndGlobal
